
Microsoft Visual Studio Solution File, Format Version 12.00
# Visual Studio Version 17
VisualStudioVersion = 17.10.34928.147
MinimumVisualStudioVersion = 10.0.40219.1
Project("{FAE04EC0-301F-11D3-BF4B-00C04F79EFBC}") = "ContactManager", "ContactManager\ContactManager.csproj", "{CF046C4B-5CE1-4D9F-994B-F0E328B08EBF}"
EndProject
Global
	GlobalSection(SolutionConfigurationPlatforms) = preSolution
		Debug|Any CPU = Debug|Any CPU
		Release|Any CPU = Release|Any CPU
	EndGlobalSection
	GlobalSection(ProjectConfigurationPlatforms) = postSolution
		{CF046C4B-5CE1-4D9F-994B-F0E328B08EBF}.Debug|Any CPU.ActiveCfg = Debug|Any CPU
		{CF046C4B-5CE1-4D9F-994B-F0E328B08EBF}.Debug|Any CPU.Build.0 = Debug|Any CPU
		{CF046C4B-5CE1-4D9F-994B-F0E328B08EBF}.Release|Any CPU.ActiveCfg = Release|Any CPU
		{CF046C4B-5CE1-4D9F-994B-F0E328B08EBF}.Release|Any CPU.Build.0 = Release|Any CPU
	EndGlobalSection
	GlobalSection(SolutionProperties) = preSolution
		HideSolutionNode = FALSE
	EndGlobalSection
	GlobalSection(ExtensibilityGlobals) = postSolution
		SolutionGuid = {770421DB-97DA-48F4-AD85-CD357EE02496}
	EndGlobalSection
EndGlobal
